// !$*UTF8*$!
{
	archiveVersion = 1;
	classes = {
	};
	objectVersion = 55;
	objects = {

/* Begin PBXBuildFile section */
		7705DEC4281D2D88001F87DF /* AppDelegate.swift in Sources */ = {isa = PBXBuildFile; fileRef = 7705DEC3281D2D88001F87DF /* AppDelegate.swift */; };
		7705DEC6281D2D88001F87DF /* SceneDelegate.swift in Sources */ = {isa = PBXBuildFile; fileRef = 7705DEC5281D2D88001F87DF /* SceneDelegate.swift */; };
		7705DEC8281D2D88001F87DF /* ViewController.swift in Sources */ = {isa = PBXBuildFile; fileRef = 7705DEC7281D2D88001F87DF /* ViewController.swift */; };
		7705DECB281D2D88001F87DF /* Main.storyboard in Resources */ = {isa = PBXBuildFile; fileRef = 7705DEC9281D2D88001F87DF /* Main.storyboard */; };
		7705DECD281D2D89001F87DF /* Assets.xcassets in Resources */ = {isa = PBXBuildFile; fileRef = 7705DECC281D2D89001F87DF /* Assets.xcassets */; };
		7705DED0281D2D89001F87DF /* LaunchScreen.storyboard in Resources */ = {isa = PBXBuildFile; fileRef = 7705DECE281D2D89001F87DF /* LaunchScreen.storyboard */; };
		7705DED8281D3F65001F87DF /* Article.swift in Sources */ = {isa = PBXBuildFile; fileRef = 7705DED7281D3F65001F87DF /* Article.swift */; };
		7705DEDA281D40CD001F87DF /* ArticleService.swift in Sources */ = {isa = PBXBuildFile; fileRef = 7705DED9281D40CD001F87DF /* ArticleService.swift */; };
		7705DEDC281D4236001F87DF /* ArticleModel.swift in Sources */ = {isa = PBXBuildFile; fileRef = 7705DEDB281D4236001F87DF /* ArticleModel.swift */; };
		7787EB6D282C054F00BD924F /* DetailViewController.swift in Sources */ = {isa = PBXBuildFile; fileRef = 7787EB6C282C054F00BD924F /* DetailViewController.swift */; };
/* End PBXBuildFile section */

/* Begin PBXFileReference section */
		7705DEC0281D2D88001F87DF /* Study_API.app */ = {isa = PBXFileReference; explicitFileType = wrapper.application; includeInIndex = 0; path = Study_API.app; sourceTree = BUILT_PRODUCTS_DIR; };
		7705DEC3281D2D88001F87DF /* AppDelegate.swift */ = {isa = PBXFileReference; lastKnownFileType = sourcecode.swift; path = AppDelegate.swift; sourceTree = "<group>"; };
		7705DEC5281D2D88001F87DF /* SceneDelegate.swift */ = {isa = PBXFileReference; lastKnownFileType = sourcecode.swift; path = SceneDelegate.swift; sourceTree = "<group>"; };
		7705DEC7281D2D88001F87DF /* ViewController.swift */ = {isa = PBXFileReference; lastKnownFileType = sourcecode.swift; path = ViewController.swift; sourceTree = "<group>"; };
		7705DECA281D2D88001F87DF /* Base */ = {isa = PBXFileReference; lastKnownFileType = file.storyboard; name = Base; path = Base.lproj/Main.storyboard; sourceTree = "<group>"; };
		7705DECC281D2D89001F87DF /* Assets.xcassets */ = {isa = PBXFileReference; lastKnownFileType = folder.assetcatalog; path = Assets.xcassets; sourceTree = "<group>"; };
		7705DECF281D2D89001F87DF /* Base */ = {isa = PBXFileReference; lastKnownFileType = file.storyboard; name = Base; path = Base.lproj/LaunchScreen.storyboard; sourceTree = "<group>"; };
		7705DED1281D2D89001F87DF /* Info.plist */ = {isa = PBXFileReference; lastKnownFileType = text.plist.xml; path = Info.plist; sourceTree = "<group>"; };
		7705DED7281D3F65001F87DF /* Article.swift */ = {isa = PBXFileReference; lastKnownFileType = sourcecode.swift; path = Article.swift; sourceTree = "<group>"; };
		7705DED9281D40CD001F87DF /* ArticleService.swift */ = {isa = PBXFileReference; lastKnownFileType = sourcecode.swift; path = ArticleService.swift; sourceTree = "<group>"; };
		7705DEDB281D4236001F87DF /* ArticleModel.swift */ = {isa = PBXFileReference; lastKnownFileType = sourcecode.swift; path = ArticleModel.swift; sourceTree = "<group>"; };
		7787EB6C282C054F00BD924F /* DetailViewController.swift */ = {isa = PBXFileReference; lastKnownFileType = sourcecode.swift; name = DetailViewController.swift; path = ../DetailViewController.swift; sourceTree = "<group>"; };
/* End PBXFileReference section */

/* Begin PBXFrameworksBuildPhase section */
		7705DEBD281D2D88001F87DF /* Frameworks */ = {
			isa = PBXFrameworksBuildPhase;
			buildActionMask = 2147483647;
			files = (
			);
			runOnlyForDeploymentPostprocessing = 0;
		};
/* End PBXFrameworksBuildPhase section */

/* Begin PBXGroup section */
		7705DEB7281D2D88001F87DF = {
			isa = PBXGroup;
			children = (
				7705DEC2281D2D88001F87DF /* Study_API */,
				7705DEC1281D2D88001F87DF /* Products */,
			);
			sourceTree = "<group>";
		};
		7705DEC1281D2D88001F87DF /* Products */ = {
			isa = PBXGroup;
			children = (
				7705DEC0281D2D88001F87DF /* Study_API.app */,
			);
			name = Products;
			sourceTree = "<group>";
		};
		7705DEC2281D2D88001F87DF /* Study_API */ = {
			isa = PBXGroup;
			children = (
				7705DEC3281D2D88001F87DF /* AppDelegate.swift */,
				7705DEC5281D2D88001F87DF /* SceneDelegate.swift */,
				7705DEC7281D2D88001F87DF /* ViewController.swift */,
				7705DEC9281D2D88001F87DF /* Main.storyboard */,
				7705DECC281D2D89001F87DF /* Assets.xcassets */,
				7705DECE281D2D89001F87DF /* LaunchScreen.storyboard */,
				7705DED1281D2D89001F87DF /* Info.plist */,
				7705DED7281D3F65001F87DF /* Article.swift */,
				7705DED9281D40CD001F87DF /* ArticleService.swift */,
				7705DEDB281D4236001F87DF /* ArticleModel.swift */,
				7787EB6C282C054F00BD924F /* DetailViewController.swift */,
			);
			path = Study_API;
			sourceTree = "<group>";
		};
/* End PBXGroup section */

/* Begin PBXNativeTarget section */
		7705DEBF281D2D88001F87DF /* Study_API */ = {
			isa = PBXNativeTarget;
			buildConfigurationList = 7705DED4281D2D89001F87DF /* Build configuration list for PBXNativeTarget "Study_API" */;
			buildPhases = (
				7705DEBC281D2D88001F87DF /* Sources */,
				7705DEBD281D2D88001F87DF /* Frameworks */,
				7705DEBE281D2D88001F87DF /* Resources */,
			);
			buildRules = (
			);
			dependencies = (
			);
			name = Study_API;
			productName = Study_API;
			productReference = 7705DEC0281D2D88001F87DF /* Study_API.app */;
			productType = "com.apple.product-type.application";
		};
/* End PBXNativeTarget section */

/* Begin PBXProject section */
		7705DEB8281D2D88001F87DF /* Project object */ = {
			isa = PBXProject;
			attributes = {
				BuildIndependentTargetsInParallel = 1;
				LastSwiftUpdateCheck = 1330;
				LastUpgradeCheck = 1330;
				TargetAttributes = {
					7705DEBF281D2D88001F87DF = {
						CreatedOnToolsVersion = 13.3;
					};
				};
			};
			buildConfigurationList = 7705DEBB281D2D88001F87DF /* Build configuration list for PBXProject "Study_API" */;
			compatibilityVersion = "Xcode 13.0";
			developmentRegion = en;
			hasScannedForEncodings = 0;
			knownRegions = (
				en,
				Base,
			);
			mainGroup = 7705DEB7281D2D88001F87DF;
			productRefGroup = 7705DEC1281D2D88001F87DF /* Products */;
			projectDirPath = "";
			projectRoot = "";
			targets = (
				7705DEBF281D2D88001F87DF /* Study_API */,
			);
		};
/* End PBXProject section */

/* Begin PBXResourcesBuildPhase section */
		7705DEBE281D2D88001F87DF /* Resources */ = {
			isa = PBXResourcesBuildPhase;
			buildActionMask = 2147483647;
			files = (
				7705DED0281D2D89001F87DF /* LaunchScreen.storyboard in Resources */,
				7705DECD281D2D89001F87DF /* Assets.xcassets in Resources */,
				7705DECB281D2D88001F87DF /* Main.storyboard in Resources */,
			);
			runOnlyForDeploymentPostprocessing = 0;
		};
/* End PBXResourcesBuildPhase section */

/* Begin PBXSourcesBuildPhase section */
		7705DEBC281D2D88001F87DF /* Sources */ = {
			isa = PBXSourcesBuildPhase;
			buildActionMask = 2147483647;
			files = (
				7705DEDA281D40CD001F87DF /* ArticleService.swift in Sources */,
				7705DED8281D3F65001F87DF /* Article.swift in Sources */,
				7705DEC8281D2D88001F87DF /* ViewController.swift in Sources */,
				7705DEC4281D2D88001F87DF /* AppDelegate.swift in Sources */,
				7705DEDC281D4236001F87DF /* ArticleModel.swift in Sources */,
				7705DEC6281D2D88001F87DF /* SceneDelegate.swift in Sources */,
				7787EB6D282C054F00BD924F /* DetailViewController.swift in Sources */,
			);
			runOnlyForDeploymentPostprocessing = 0;
		};
/* End PBXSourcesBuildPhase section */

/* Begin PBXVariantGroup section */
		7705DEC9281D2D88001F87DF /* Main.storyboard */ = {
			isa = PBXVariantGroup;
			children = (
				7705DECA281D2D88001F87DF /* Base */,
			);
			name = Main.storyboard;
			sourceTree = "<group>";
		};
		7705DECE281D2D89001F87DF /* LaunchScreen.storyboard */ = {
			isa = PBXVariantGroup;
			children = (
				7705DECF281D2D89001F87DF /* Base */,
			);
			name = LaunchScreen.storyboard;
			sourceTree = "<group>";
		};
/* End PBXVariantGroup section */

/* Begin XCBuildConfiguration section */
		7705DED2281D2D89001F87DF /* Debug */ = {
			isa = XCBuildConfiguration;
			buildSettings = {
				ALWAYS_SEARCH_USER_PATHS = NO;
				CLANG_ANALYZER_NONNULL = YES;
				CLANG_ANALYZER_NUMBER_OBJECT_CONVERSION = YES_AGGRESSIVE;
				CLANG_CXX_LANGUAGE_STANDARD = "gnu++17";
				CLANG_ENABLE_MODULES = YES;
				CLANG_ENABLE_OBJC_ARC = YES;
				CLANG_ENABLE_OBJC_WEAK = YES;
				CLANG_WARN_BLOCK_CAPTURE_AUTORELEASING = YES;
				CLANG_WARN_BOOL_CONVERSION = YES;
				CLANG_WARN_COMMA = YES;
				CLANG_WARN_CONSTANT_CONVERSION = YES;
				CLANG_WARN_DEPRECATED_OBJC_IMPLEMENTATIONS = YES;
				CLANG_WARN_DIRECT_OBJC_ISA_USAGE = YES_ERROR;
				CLANG_WARN_DOCUMENTATION_COMMENTS = YES;
				CLANG_WARN_EMPTY_BODY = YES;
				CLANG_WARN_ENUM_CONVERSION = YES;
				CLANG_WARN_INFINITE_RECURSION = YES;
				CLANG_WARN_INT_CONVERSION = YES;
				CLANG_WARN_NON_LITERAL_NULL_CONVERSION = YES;
				CLANG_WARN_OBJC_IMPLICIT_RETAIN_SELF = YES;
				CLANG_WARN_OBJC_LITERAL_CONVERSION = YES;
				CLANG_WARN_OBJC_ROOT_CLASS = YES_ERROR;
				CLANG_WARN_QUOTED_INCLUDE_IN_FRAMEWORK_HEADER = YES;
				CLANG_WARN_RANGE_LOOP_ANALYSIS = YES;
				CLANG_WARN_STRICT_PROTOTYPES = YES;
				CLANG_WARN_SUSPICIOUS_MOVE = YES;
				CLANG_WARN_UNGUARDED_AVAILABILITY = YES_AGGRESSIVE;
				CLANG_WARN_UNREACHABLE_CODE = YES;
				CLANG_WARN__DUPLICATE_METHOD_MATCH = YES;
				COPY_PHASE_STRIP = NO;
				DEBUG_INFORMATION_FORMAT = dwarf;
				ENABLE_STRICT_OBJC_MSGSEND = YES;
				ENABLE_TESTABILITY = YES;
				GCC_C_LANGUAGE_STANDARD = gnu11;
				GCC_DYNAMIC_NO_PIC = NO;
				GCC_NO_COMMON_BLOCKS = YES;
				GCC_OPTIMIZATION_LEVEL = 0;
				GCC_PREPROCESSOR_DEFINITIONS = (
					"DEBUG=1",
					"$(inherited)",
				);
				GCC_WARN_64_TO_32_BIT_CONVERSION = YES;
				GCC_WARN_ABOUT_RETURN_TYPE = YES_ERROR;
				GCC_WARN_UNDECLARED_SELECTOR = YES;
				GCC_WARN_UNINITIALIZED_AUTOS = YES_AGGRESSIVE;
				GCC_WARN_UNUSED_FUNCTION = YES;
				GCC_WARN_UNUSED_VARIABLE = YES;
				IPHONEOS_DEPLOYMENT_TARGET = 15.4;
				MTL_ENABLE_DEBUG_INFO = INCLUDE_SOURCE;
				MTL_FAST_MATH = YES;
				ONLY_ACTIVE_ARCH = YES;
				SDKROOT = iphoneos;
				SWIFT_ACTIVE_COMPILATION_CONDITIONS = DEBUG;
				SWIFT_OPTIMIZATION_LEVEL = "-Onone";
			};
			name = Debug;
		};
		7705DED3281D2D89001F87DF /* Release */ = {
			isa = XCBuildConfiguration;
			buildSettings = {
				ALWAYS_SEARCH_USER_PATHS = NO;
				CLANG_ANALYZER_NONNULL = YES;
				CLANG_ANALYZER_NUMBER_OBJECT_CONVERSION = YES_AGGRESSIVE;
				CLANG_CXX_LANGUAGE_STANDARD = "gnu++17";
				CLANG_ENABLE_MODULES = YES;
				CLANG_ENABLE_OBJC_ARC = YES;
				CLANG_ENABLE_OBJC_WEAK = YES;
				CLANG_WARN_BLOCK_CAPTURE_AUTORELEASING = YES;
				CLANG_WARN_BOOL_CONVERSION = YES;
				CLANG_WARN_COMMA = YES;
				CLANG_WARN_CONSTANT_CONVERSION = YES;
				CLANG_WARN_DEPRECATED_OBJC_IMPLEMENTATIONS = YES;
				CLANG_WARN_DIRECT_OBJC_ISA_USAGE = YES_ERROR;
				CLANG_WARN_DOCUMENTATION_COMMENTS = YES;
				CLANG_WARN_EMPTY_BODY = YES;
				CLANG_WARN_ENUM_CONVERSION = YES;
				CLANG_WARN_INFINITE_RECURSION = YES;
				CLANG_WARN_INT_CONVERSION = YES;
				CLANG_WARN_NON_LITERAL_NULL_CONVERSION = YES;
				CLANG_WARN_OBJC_IMPLICIT_RETAIN_SELF = YES;
				CLANG_WARN_OBJC_LITERAL_CONVERSION = YES;
				CLANG_WARN_OBJC_ROOT_CLASS = YES_ERROR;
				CLANG_WARN_QUOTED_INCLUDE_IN_FRAMEWORK_HEADER = YES;
				CLANG_WARN_RANGE_LOOP_ANALYSIS = YES;
				CLANG_WARN_STRICT_PROTOTYPES = YES;
				CLANG_WARN_SUSPICIOUS_MOVE = YES;
				CLANG_WARN_UNGUARDED_AVAILABILITY = YES_AGGRESSIVE;
				CLANG_WARN_UNREACHABLE_CODE = YES;
				CLANG_WARN__DUPLICATE_METHOD_MATCH = YES;
				COPY_PHASE_STRIP = NO;
				DEBUG_INFORMATION_FORMAT = "dwarf-with-dsym";
				ENABLE_NS_ASSERTIONS = NO;
				ENABLE_STRICT_OBJC_MSGSEND = YES;
				GCC_C_LANGUAGE_STANDARD = gnu11;
				GCC_NO_COMMON_BLOCKS = YES;
				GCC_WARN_64_TO_32_BIT_CONVERSION = YES;
				GCC_WARN_ABOUT_RETURN_TYPE = YES_ERROR;
				GCC_WARN_UNDECLARED_SELECTOR = YES;
				GCC_WARN_UNINITIALIZED_AUTOS = YES_AGGRESSIVE;
				GCC_WARN_UNUSED_FUNCTION = YES;
				GCC_WARN_UNUSED_VARIABLE = YES;
				IPHONEOS_DEPLOYMENT_TARGET = 15.4;
				MTL_ENABLE_DEBUG_INFO = NO;
				MTL_FAST_MATH = YES;
				SDKROOT = iphoneos;
				SWIFT_COMPILATION_MODE = wholemodule;
				SWIFT_OPTIMIZATION_LEVEL = "-O";
				VALIDATE_PRODUCT = YES;
			};
			name = Release;
		};
		7705DED5281D2D89001F87DF /* Debug */ = {
			isa = XCBuildConfiguration;
			buildSettings = {
				ASSETCATALOG_COMPILER_APPICON_NAME = AppIcon;
				ASSETCATALOG_COMPILER_GLOBAL_ACCENT_COLOR_NAME = AccentColor;
				CODE_SIGN_STYLE = Automatic;
				CURRENT_PROJECT_VERSION = 1;
				GENERATE_INFOPLIST_FILE = YES;
				INFOPLIST_FILE = Study_API/Info.plist;
				INFOPLIST_KEY_UIApplicationSupportsIndirectInputEvents = YES;
				INFOPLIST_KEY_UILaunchStoryboardName = LaunchScreen;
				INFOPLIST_KEY_UIMainStoryboardFile = Main;
				INFOPLIST_KEY_UISupportedInterfaceOrientations_iPad = "UIInterfaceOrientationPortrait UIInterfaceOrientationPortraitUpsideDown UIInterfaceOrientationLandscapeLeft UIInterfaceOrientationLandscapeRight";
				INFOPLIST_KEY_UISupportedInterfaceOrientations_iPhone = "UIInterfaceOrientationPortrait UIInterfaceOrientationLandscapeLeft UIInterfaceOrientationLandscapeRight";
				LD_RUNPATH_SEARCH_PATHS = (
					"$(inherited)",
					"@executable_path/Frameworks",
				);
				MARKETING_VERSION = 1.0;
				PRODUCT_BUNDLE_IDENTIFIER = "Minjae.Study-API";
				PRODUCT_NAME = "$(TARGET_NAME)";
				SWIFT_EMIT_LOC_STRINGS = YES;
				SWIFT_VERSION = 5.0;
				TARGETED_DEVICE_FAMILY = "1,2";
			};
			name = Debug;
		};
		7705DED6281D2D89001F87DF /* Release */ = {
			isa = XCBuildConfiguration;
			buildSettings = {
				ASSETCATALOG_COMPILER_APPICON_NAME = AppIcon;
				ASSETCATALOG_COMPILER_GLOBAL_ACCENT_COLOR_NAME = AccentColor;
				CODE_SIGN_STYLE = Automatic;
				CURRENT_PROJECT_VERSION = 1;
				GENERATE_INFOPLIST_FILE = YES;
				INFOPLIST_FILE = Study_API/Info.plist;
				INFOPLIST_KEY_UIApplicationSupportsIndirectInputEvents = YES;
				INFOPLIST_KEY_UILaunchStoryboardName = LaunchScreen;
				INFOPLIST_KEY_UIMainStoryboardFile = Main;
				INFOPLIST_KEY_UISupportedInterfaceOrientations_iPad = "UIInterfaceOrientationPortrait UIInterfaceOrientationPortraitUpsideDown UIInterfaceOrientationLandscapeLeft UIInterfaceOrientationLandscapeRight";
				INFOPLIST_KEY_UISupportedInterfaceOrientations_iPhone = "UIInterfaceOrientationPortrait UIInterfaceOrientationLandscapeLeft UIInterfaceOrientationLandscapeRight";
				LD_RUNPATH_SEARCH_PATHS = (
					"$(inherited)",
					"@executable_path/Frameworks",
				);
				MARKETING_VERSION = 1.0;
				PRODUCT_BUNDLE_IDENTIFIER = "Minjae.Study-API";
				PRODUCT_NAME = "$(TARGET_NAME)";
				SWIFT_EMIT_LOC_STRINGS = YES;
				SWIFT_VERSION = 5.0;
				TARGETED_DEVICE_FAMILY = "1,2";
			};
			name = Release;
		};
/* End XCBuildConfiguration section */

/* Begin XCConfigurationList section */
		7705DEBB281D2D88001F87DF /* Build configuration list for PBXProject "Study_API" */ = {
			isa = XCConfigurationList;
			buildConfigurations = (
				7705DED2281D2D89001F87DF /* Debug */,
				7705DED3281D2D89001F87DF /* Release */,
			);
			defaultConfigurationIsVisible = 0;
			defaultConfigurationName = Release;
		};
		7705DED4281D2D89001F87DF /* Build configuration list for PBXNativeTarget "Study_API" */ = {
			isa = XCConfigurationList;
			buildConfigurations = (
				7705DED5281D2D89001F87DF /* Debug */,
				7705DED6281D2D89001F87DF /* Release */,
			);
			defaultConfigurationIsVisible = 0;
			defaultConfigurationName = Release;
		};
/* End XCConfigurationList section */
	};
	rootObject = 7705DEB8281D2D88001F87DF /* Project object */;
}
